
Microsoft Visual Studio Solution File, Format Version 12.00
# Visual Studio Version 16
VisualStudioVersion = 16.0.30011.22
MinimumVisualStudioVersion = 10.0.40219.1
Project("{9A19103F-16F7-4668-BE54-9A1E7A4F7556}") = "Market", "Market\Market.csproj", "{35EABC69-4448-4180-A110-E83E031771BF}"
EndProject
Project("{FAE04EC0-301F-11D3-BF4B-00C04F79EFBC}") = "Market.DAL", "Market.DAL\Market.DAL.csproj", "{540A248D-AA64-4296-8446-7824AC974F16}"
EndProject
Project("{FAE04EC0-301F-11D3-BF4B-00C04F79EFBC}") = "Market.Services", "Market.Services\Market.Services.csproj", "{FA3652CD-ADA7-4BCF-A2DD-9F27243F1F1B}"
EndProject
Project("{FAE04EC0-301F-11D3-BF4B-00C04F79EFBC}") = "Market.Test", "Market.Test\Market.Test.csproj", "{6083A71E-3EF8-4287-A613-C1475925C32E}"
EndProject
Global
	GlobalSection(SolutionConfigurationPlatforms) = preSolution
		Debug|Any CPU = Debug|Any CPU
		Release|Any CPU = Release|Any CPU
	EndGlobalSection
	GlobalSection(ProjectConfigurationPlatforms) = postSolution
		{35EABC69-4448-4180-A110-E83E031771BF}.Debug|Any CPU.ActiveCfg = Debug|Any CPU
		{35EABC69-4448-4180-A110-E83E031771BF}.Debug|Any CPU.Build.0 = Debug|Any CPU
		{35EABC69-4448-4180-A110-E83E031771BF}.Release|Any CPU.ActiveCfg = Release|Any CPU
		{35EABC69-4448-4180-A110-E83E031771BF}.Release|Any CPU.Build.0 = Release|Any CPU
		{540A248D-AA64-4296-8446-7824AC974F16}.Debug|Any CPU.ActiveCfg = Debug|Any CPU
		{540A248D-AA64-4296-8446-7824AC974F16}.Debug|Any CPU.Build.0 = Debug|Any CPU
		{540A248D-AA64-4296-8446-7824AC974F16}.Release|Any CPU.ActiveCfg = Release|Any CPU
		{540A248D-AA64-4296-8446-7824AC974F16}.Release|Any CPU.Build.0 = Release|Any CPU
		{FA3652CD-ADA7-4BCF-A2DD-9F27243F1F1B}.Debug|Any CPU.ActiveCfg = Debug|Any CPU
		{FA3652CD-ADA7-4BCF-A2DD-9F27243F1F1B}.Debug|Any CPU.Build.0 = Debug|Any CPU
		{FA3652CD-ADA7-4BCF-A2DD-9F27243F1F1B}.Release|Any CPU.ActiveCfg = Release|Any CPU
		{FA3652CD-ADA7-4BCF-A2DD-9F27243F1F1B}.Release|Any CPU.Build.0 = Release|Any CPU
		{6083A71E-3EF8-4287-A613-C1475925C32E}.Debug|Any CPU.ActiveCfg = Debug|Any CPU
		{6083A71E-3EF8-4287-A613-C1475925C32E}.Debug|Any CPU.Build.0 = Debug|Any CPU
		{6083A71E-3EF8-4287-A613-C1475925C32E}.Release|Any CPU.ActiveCfg = Release|Any CPU
		{6083A71E-3EF8-4287-A613-C1475925C32E}.Release|Any CPU.Build.0 = Release|Any CPU
	EndGlobalSection
	GlobalSection(SolutionProperties) = preSolution
		HideSolutionNode = FALSE
	EndGlobalSection
	GlobalSection(ExtensibilityGlobals) = postSolution
		SolutionGuid = {AC364FA8-50E3-4F0B-9770-26CC8779172E}
	EndGlobalSection
EndGlobal
